
Microsoft Visual Studio Solution File, Format Version 12.00
# Visual Studio 14
VisualStudioVersion = 14.0.25420.1
MinimumVisualStudioVersion = 10.0.40219.1
Project("{FAE04EC0-301F-11D3-BF4B-00C04F79EFBC}") = "WebApplicationExemplo", "WebApplicationExemplo\WebApplicationExemplo.csproj", "{775C98D6-910A-46D0-9227-349A1BB49879}"
EndProject
Global
	GlobalSection(SolutionConfigurationPlatforms) = preSolution
		Debug|Any CPU = Debug|Any CPU
		Release|Any CPU = Release|Any CPU
	EndGlobalSection
	GlobalSection(ProjectConfigurationPlatforms) = postSolution
		{775C98D6-910A-46D0-9227-349A1BB49879}.Debug|Any CPU.ActiveCfg = Debug|Any CPU
		{775C98D6-910A-46D0-9227-349A1BB49879}.Debug|Any CPU.Build.0 = Debug|Any CPU
		{775C98D6-910A-46D0-9227-349A1BB49879}.Release|Any CPU.ActiveCfg = Release|Any CPU
		{775C98D6-910A-46D0-9227-349A1BB49879}.Release|Any CPU.Build.0 = Release|Any CPU
	EndGlobalSection
	GlobalSection(SolutionProperties) = preSolution
		HideSolutionNode = FALSE
	EndGlobalSection
EndGlobal
