
Microsoft Visual Studio Solution File, Format Version 12.00
# Visual Studio 14
VisualStudioVersion = 14.0.25420.1
MinimumVisualStudioVersion = 10.0.40219.1
Project("{FAE04EC0-301F-11D3-BF4B-00C04F79EFBC}") = "demonstracao1", "demonstracao1\demonstracao1.csproj", "{2442E591-B62D-4633-A1B6-CCAD6763C948}"
EndProject
Project("{FAE04EC0-301F-11D3-BF4B-00C04F79EFBC}") = "ConsoleApplication1", "ConsoleApplication1\ConsoleApplication1.csproj", "{EC7DE4F7-1592-460F-A2DF-54C34E2ABBDD}"
EndProject
Global
	GlobalSection(SolutionConfigurationPlatforms) = preSolution
		Debug|Any CPU = Debug|Any CPU
		Release|Any CPU = Release|Any CPU
	EndGlobalSection
	GlobalSection(ProjectConfigurationPlatforms) = postSolution
		{2442E591-B62D-4633-A1B6-CCAD6763C948}.Debug|Any CPU.ActiveCfg = Debug|Any CPU
		{2442E591-B62D-4633-A1B6-CCAD6763C948}.Debug|Any CPU.Build.0 = Debug|Any CPU
		{2442E591-B62D-4633-A1B6-CCAD6763C948}.Release|Any CPU.ActiveCfg = Release|Any CPU
		{2442E591-B62D-4633-A1B6-CCAD6763C948}.Release|Any CPU.Build.0 = Release|Any CPU
		{EC7DE4F7-1592-460F-A2DF-54C34E2ABBDD}.Debug|Any CPU.ActiveCfg = Debug|Any CPU
		{EC7DE4F7-1592-460F-A2DF-54C34E2ABBDD}.Debug|Any CPU.Build.0 = Debug|Any CPU
		{EC7DE4F7-1592-460F-A2DF-54C34E2ABBDD}.Release|Any CPU.ActiveCfg = Release|Any CPU
		{EC7DE4F7-1592-460F-A2DF-54C34E2ABBDD}.Release|Any CPU.Build.0 = Release|Any CPU
	EndGlobalSection
	GlobalSection(SolutionProperties) = preSolution
		HideSolutionNode = FALSE
	EndGlobalSection
EndGlobal
